<?xml version="1.0" encoding="utf-8"?>
<Project ToolsVersion="4.0" xmlns="http://schemas.microsoft.com/developer/msbuild/2003">
  <ItemGroup>
    <Filter Include="Physics">
      <UniqueIdentifier>{847277bf-9f50-4fbd-b60a-2ba56c492f90}</UniqueIdentifier>
    </Filter>
    <Filter Include="Physics\Header Files">
      <UniqueIdentifier>{dc9a0651-b67f-44b3-a26d-568c73248b8c}</UniqueIdentifier>
    </Filter>
    <Filter Include="Physics\Source Files">
      <UniqueIdentifier>{336fbead-d8c6-45c2-b14a-b47905fda7f2}</UniqueIdentifier>
    </Filter>
    <Filter Include="Graphics">
      <UniqueIdentifier>{af375587-8be0-49c9-a9c3-b30b5d6c1aae}</UniqueIdentifier>
    </Filter>
    <Filter Include="Graphics\Animation">
      <UniqueIdentifier>{6a04f470-d75d-4714-aa50-54fa19b7d235}</UniqueIdentifier>
    </Filter>
    <Filter Include="Graphics\Animation\Header Files">
      <UniqueIdentifier>{07fe3488-3d02-44a5-addd-dd9742af0c3f}</UniqueIdentifier>
    </Filter>
    <Filter Include="Graphics\Animation\Source Files">
      <UniqueIdentifier>{dddff848-f533-4c7a-b85f-c48ee496d2e2}</UniqueIdentifier>
    </Filter>
    <Filter Include="Graphics\Source Files">
      <UniqueIdentifier>{13c8a0ea-47be-41ea-b072-c1a4c877a367}</UniqueIdentifier>
    </Filter>
    <Filter Include="Graphics\Header Files">
      <UniqueIdentifier>{61e34899-e757-4999-aa35-2f41451e259f}</UniqueIdentifier>
    </Filter>
    <Filter Include="Core">
      <UniqueIdentifier>{7b98c697-afe7-4ec5-96cc-808432e82226}</UniqueIdentifier>
    </Filter>
    <Filter Include="Core\Header Files">
      <UniqueIdentifier>{93995380-89BD-4b04-88EB-625FBE52EBFB}</UniqueIdentifier>
      <Extensions>h;hh;hpp;hxx;h++;hm;inl;inc;ipp;xsd</Extensions>
    </Filter>
    <Filter Include="Core\Resource Files">
      <UniqueIdentifier>{67DA6AB6-F800-4c08-8B7A-83BB121AAD01}</UniqueIdentifier>
      <Extensions>rc;ico;cur;bmp;dlg;rc2;rct;bin;rgs;gif;jpg;jpeg;jpe;resx;tiff;tif;png;wav;mfcribbon-ms</Extensions>
    </Filter>
    <Filter Include="Core\Source Files">
      <UniqueIdentifier>{4FC737F1-C7A5-4376-A066-2A32D752A2FF}</UniqueIdentifier>
      <Extensions>cpp;c;cc;cxx;c++;cppm;ixx;def;odl;idl;hpj;bat;asm;asmx</Extensions>
    </Filter>
    <Filter Include="Common">
      <UniqueIdentifier>{43d41d88-6c6f-45f3-b78b-1e945b383340}</UniqueIdentifier>
    </Filter>
    <Filter Include="Common\Header Files">
      <UniqueIdentifier>{559ad695-07a4-4d3f-8581-3a2f37efa82a}</UniqueIdentifier>
    </Filter>
    <Filter Include="Common\Source Files">
      <UniqueIdentifier>{fc77cbce-ff9b-404e-ab8a-1f1dc73ddad0}</UniqueIdentifier>
    </Filter>
    <Filter Include="UI">
      <UniqueIdentifier>{9306cc61-0084-43db-bacd-be4e2b28842c}</UniqueIdentifier>
    </Filter>
    <Filter Include="UI\Header Files">
      <UniqueIdentifier>{55e49241-d790-4c98-a780-47227a62e0d5}</UniqueIdentifier>
    </Filter>
    <Filter Include="UI\Source Files">
      <UniqueIdentifier>{59f0276a-d050-410e-83ad-a807ce0825e1}</UniqueIdentifier>
    </Filter>
    <Filter Include="Powers">
      <UniqueIdentifier>{2699aab2-a4b2-4788-9914-c7416df6554b}</UniqueIdentifier>
    </Filter>
    <Filter Include="Powers\Header Files">
      <UniqueIdentifier>{977672ed-f694-4c77-8b15-65b855fcf755}</UniqueIdentifier>
    </Filter>
    <Filter Include="Powers\Source Files">
      <UniqueIdentifier>{868e6be6-f008-4aa0-8928-f369f9b95bae}</UniqueIdentifier>
    </Filter>
    <Filter Include="Sound">
      <UniqueIdentifier>{dd0da3cb-e6c1-4480-91c7-a4f5ea295483}</UniqueIdentifier>
    </Filter>
    <Filter Include="Sound\Header Files">
      <UniqueIdentifier>{b3dee6ba-fb46-4cc2-b441-2d9bd21ed6eb}</UniqueIdentifier>
    </Filter>
    <Filter Include="Sound\Source Files">
      <UniqueIdentifier>{8cb4fe0d-b838-4c85-baba-8c1044b2becf}</UniqueIdentifier>
    </Filter>
    <Filter Include="Design">
      <UniqueIdentifier>{7c8b492e-ff91-40d4-ab00-fcf5a6397bd5}</UniqueIdentifier>
    </Filter>
    <Filter Include="Resources">
      <UniqueIdentifier>{42a0dfdc-4744-41c7-890d-3495f175cbca}</UniqueIdentifier>
    </Filter>
    <Filter Include="Input">
      <UniqueIdentifier>{99568542-eec9-41f7-9f62-31279803eaaa}</UniqueIdentifier>
    </Filter>
  </ItemGroup>
  <ItemGroup>
    <ClCompile Include="main.cpp">
      <Filter>Core\Source Files</Filter>
    </ClCompile>
    <ClCompile Include="GameManager.cpp">
      <Filter>Core\Source Files</Filter>
    </ClCompile>
    <ClCompile Include="Animation.cpp">
      <Filter>Graphics\Animation\Source Files</Filter>
    </ClCompile>
    <ClCompile Include="CollisionManager.cpp">
      <Filter>Physics\Source Files</Filter>
    </ClCompile>
    <ClCompile Include="Renderer.cpp">
      <Filter>Graphics\Source Files</Filter>
    </ClCompile>
    <ClCompile Include="Texture.cpp">
      <Filter>Graphics\Source Files</Filter>
    </ClCompile>
    <ClCompile Include="Transition.cpp">
      <Filter>Graphics\Animation\Source Files</Filter>
    </ClCompile>
    <ClCompile Include="ScrollingCamera.cpp">
      <Filter>Core\Source Files</Filter>
    </ClCompile>
    <ClCompile Include="Common.cpp">
      <Filter>Common\Source Files</Filter>
    </ClCompile>
    <ClCompile Include="ErrorHandler.cpp">
      <Filter>Common\Source Files</Filter>
    </ClCompile>
    <ClCompile Include="RigidBody.cpp">
      <Filter>Physics\Source Files</Filter>
    </ClCompile>
    <ClCompile Include="Timer.cpp">
      <Filter>Common\Source Files</Filter>
    </ClCompile>
    <ClCompile Include="Transform.cpp">
      <Filter>Physics\Source Files</Filter>
    </ClCompile>
    <ClCompile Include="MultiTextureGraphicsController.cpp">
      <Filter>Graphics\Source Files</Filter>
    </ClCompile>
    <ClCompile Include="SeparatingAxisCollision.cpp">
      <Filter>Physics\Source Files</Filter>
    </ClCompile>
    <ClCompile Include="Collider.cpp">
      <Filter>Physics\Source Files</Filter>
    </ClCompile>
    <ClCompile Include="CollisionResponse.cpp">
      <Filter>Physics\Source Files</Filter>
    </ClCompile>
    <ClCompile Include="UserInterfaceManager.cpp">
      <Filter>UI\Source Files</Filter>
    </ClCompile>
    <ClCompile Include="GameObject.cpp">
      <Filter>Core\Source Files</Filter>
    </ClCompile>
    <ClCompile Include="NullRigidBody.cpp">
      <Filter>Physics\Source Files</Filter>
    </ClCompile>
    <ClCompile Include="Polygon.cpp">
      <Filter>Physics\Source Files</Filter>
    </ClCompile>
    <ClCompile Include="GameObjectRegistryLocator.cpp">
      <Filter>Core\Source Files</Filter>
    </ClCompile>
    <ClCompile Include="SoundManager.cpp">
      <Filter>Sound\Source Files</Filter>
    </ClCompile>
    <ClCompile Include="Sound.cpp">
      <Filter>Sound\Source Files</Filter>
    </ClCompile>
    <ClCompile Include="ItemSpawner.cpp">
      <Filter>Powers\Source Files</Filter>
    </ClCompile>
    <ClCompile Include="LevelManager.cpp">
      <Filter>Design</Filter>
    </ClCompile>
    <ClCompile Include="GraphicObject.cpp">
      <Filter>Core\Source Files</Filter>
    </ClCompile>
    <ClCompile Include="TimedDestructionController.cpp">
      <Filter>Common\Source Files</Filter>
    </ClCompile>
    <ClCompile Include="Vector2.cpp">
      <Filter>Common\Source Files</Filter>
    </ClCompile>
    <ClCompile Include="Rectangle.cpp">
      <Filter>Common\Source Files</Filter>
    </ClCompile>
    <ClCompile Include="Animator.cpp">
      <Filter>Graphics\Animation\Source Files</Filter>
    </ClCompile>
    <ClCompile Include="AnimatedSingleTextureGraphicsController.cpp">
      <Filter>Graphics\Source Files</Filter>
    </ClCompile>
    <ClCompile Include="Item.cpp">
      <Filter>Powers\Source Files</Filter>
    </ClCompile>
    <ClCompile Include="Level.cpp">
      <Filter>Design</Filter>
    </ClCompile>
    <ClCompile Include="PropertyController.cpp">
      <Filter>Common\Source Files</Filter>
    </ClCompile>
    <ClCompile Include="ObserverController.cpp">
      <Filter>Common\Source Files</Filter>
    </ClCompile>
    <ClCompile Include="PCInputController.cpp">
      <Filter>Input</Filter>
    </ClCompile>
    <ClCompile Include="InputManager.cpp">
      <Filter>Input</Filter>
    </ClCompile>
  </ItemGroup>
  <ItemGroup>
    <ClInclude Include="GameManager.h">
      <Filter>Core\Header Files</Filter>
    </ClInclude>
    <ClInclude Include="Animation.h">
      <Filter>Graphics\Animation\Header Files</Filter>
    </ClInclude>
    <ClInclude Include="Transition.h">
      <Filter>Graphics\Animation\Header Files</Filter>
    </ClInclude>
    <ClInclude Include="Animator.h">
      <Filter>Graphics\Animation\Header Files</Filter>
    </ClInclude>
    <ClInclude Include="CollisionManager.h">
      <Filter>Physics\Header Files</Filter>
    </ClInclude>
    <ClInclude Include="GraphicsController.h">
      <Filter>Graphics\Header Files</Filter>
    </ClInclude>
    <ClInclude Include="Renderer.h">
      <Filter>Graphics\Header Files</Filter>
    </ClInclude>
    <ClInclude Include="Texture.h">
      <Filter>Graphics\Header Files</Filter>
    </ClInclude>
    <ClInclude Include="ScrollingCamera.h">
      <Filter>Core\Header Files</Filter>
    </ClInclude>
    <ClInclude Include="Common.h">
      <Filter>Common\Header Files</Filter>
    </ClInclude>
    <ClInclude Include="ErrorHandler.h">
      <Filter>Common\Header Files</Filter>
    </ClInclude>
    <ClInclude Include="RigidBody.h">
      <Filter>Physics\Header Files</Filter>
    </ClInclude>
    <ClInclude Include="Timer.h">
      <Filter>Common\Header Files</Filter>
    </ClInclude>
    <ClInclude Include="Transform.h">
      <Filter>Physics\Header Files</Filter>
    </ClInclude>
    <ClInclude Include="MultiTextureGraphicsController.h">
      <Filter>Graphics\Header Files</Filter>
    </ClInclude>
    <ClInclude Include="SeparatingAxisCollision.h">
      <Filter>Physics\Header Files</Filter>
    </ClInclude>
    <ClInclude Include="Collider.h">
      <Filter>Physics\Header Files</Filter>
    </ClInclude>
    <ClInclude Include="CollisionResponse.h">
      <Filter>Physics\Header Files</Filter>
    </ClInclude>
    <ClInclude Include="UserInterfaceManager.h">
      <Filter>UI\Header Files</Filter>
    </ClInclude>
    <ClInclude Include="AnimatedSingleTextureGraphicsController.h">
      <Filter>Graphics\Header Files</Filter>
    </ClInclude>
    <ClInclude Include="GameObject.h">
      <Filter>Core\Header Files</Filter>
    </ClInclude>
    <ClInclude Include="NullRigidBody.h">
      <Filter>Physics\Header Files</Filter>
    </ClInclude>
    <ClInclude Include="Polygon.h">
      <Filter>Physics\Header Files</Filter>
    </ClInclude>
    <ClInclude Include="ColliderInterface.h">
      <Filter>Physics\Header Files</Filter>
    </ClInclude>
    <ClInclude Include="GameObjectObserver.h">
      <Filter>Core\Header Files</Filter>
    </ClInclude>
    <ClInclude Include="GameObjectRegistryService.h">
      <Filter>Core\Header Files</Filter>
    </ClInclude>
    <ClInclude Include="GameObjectRegistryLocator.h">
      <Filter>Core\Header Files</Filter>
    </ClInclude>
    <ClInclude Include="SoundManager.h">
      <Filter>Sound\Header Files</Filter>
    </ClInclude>
    <ClInclude Include="Sound.h">
      <Filter>Sound\Header Files</Filter>
    </ClInclude>
    <ClInclude Include="ColliderBaton.h">
      <Filter>Physics\Header Files</Filter>
    </ClInclude>
    <ClInclude Include="ItemSpawner.h">
      <Filter>Powers\Header Files</Filter>
    </ClInclude>
    <ClInclude Include="LevelManager.h">
      <Filter>Design</Filter>
    </ClInclude>
    <ClInclude Include="Level.h">
      <Filter>Design</Filter>
    </ClInclude>
    <ClInclude Include="GraphicObject.h">
      <Filter>Core\Header Files</Filter>
    </ClInclude>
    <ClInclude Include="TimedDestructionController.h">
      <Filter>Common\Header Files</Filter>
    </ClInclude>
    <ClInclude Include="Vector2.h">
      <Filter>Common\Header Files</Filter>
    </ClInclude>
    <ClInclude Include="Rectangle.h">
      <Filter>Common\Header Files</Filter>
    </ClInclude>
    <ClInclude Include="GameObjectProperties.h">
      <Filter>Resources</Filter>
    </ClInclude>
    <ClInclude Include="GraphicAssetInfo.h">
      <Filter>Resources</Filter>
    </ClInclude>
    <ClInclude Include="GraphicAssetResources.h">
      <Filter>Resources</Filter>
    </ClInclude>
    <ClInclude Include="SoundAssetResources.h">
      <Filter>Resources</Filter>
    </ClInclude>
    <ClInclude Include="SoundAssetInfo.h">
      <Filter>Resources</Filter>
    </ClInclude>
    <ClInclude Include="Item.h">
      <Filter>Powers\Header Files</Filter>
    </ClInclude>
    <ClInclude Include="ColliderResources.h">
      <Filter>Resources</Filter>
    </ClInclude>
    <ClInclude Include="StringResources.h">
      <Filter>Resources</Filter>
    </ClInclude>
    <ClInclude Include="PropertyController.h">
      <Filter>Common\Header Files</Filter>
    </ClInclude>
    <ClInclude Include="ObserverController.h">
      <Filter>Common\Header Files</Filter>
    </ClInclude>
    <ClInclude Include="InputManager.h">
      <Filter>Input</Filter>
    </ClInclude>
    <ClInclude Include="InputState.h">
      <Filter>Input</Filter>
    </ClInclude>
    <ClInclude Include="PCInputController.h">
      <Filter>Input</Filter>
    </ClInclude>
    <ClInclude Include="SystemInputController.h">
      <Filter>Input</Filter>
    </ClInclude>
    <ClInclude Include="DemoLevel.h">
      <Filter>Design</Filter>
    </ClInclude>
  </ItemGroup>
</Project>